<?xml version="1.0" encoding="UTF-8" standalone="yes" ?>
<CodeBlocks_project_file>
	<FileVersion major="1" minor="6" />
	<Project>
		<Option title="mKOST" />
		<Option pch_mode="2" />
		<Option compiler="gcc" />
		<Build>
			<Target title="Debug">
				<Option output="bin/Debug/mKOST" imp_lib="$(TARGET_OUTPUT_DIR)$(TARGET_OUTPUT_BASENAME).a" def_file="$(TARGET_OUTPUT_DIR)$(TARGET_OUTPUT_BASENAME).def" prefix_auto="1" extension_auto="1" />
				<Option object_output="obj/Debug/" />
				<Option type="3" />
				<Option compiler="gcc" />
				<Compiler>
					<Add option="-fPIC" />
					<Add option="-pg" />
					<Add option="-g" />
					<Add directory="src" />
				</Compiler>
				<Linker>
					<Add option="-pg" />
				</Linker>
			</Target>
			<Target title="Release">
				<Option output="bin/Release/mKOST" imp_lib="$(TARGET_OUTPUT_DIR)$(TARGET_OUTPUT_BASENAME).a" def_file="$(TARGET_OUTPUT_DIR)$(TARGET_OUTPUT_BASENAME).def" prefix_auto="1" extension_auto="1" />
				<Option object_output="obj/Release/" />
				<Option type="3" />
				<Option compiler="gcc" />
				<Compiler>
					<Add option="-fPIC" />
					<Add option="-O2" />
					<Add directory="src" />
				</Compiler>
				<Linker>
					<Add option="-s" />
				</Linker>
			</Target>
			<Target title="Accuracy">
				<Option output="bin/Debug/test_accuracy" prefix_auto="1" extension_auto="1" />
				<Option type="1" />
				<Option compiler="gcc" />
				<Compiler>
					<Add option="-pg" />
					<Add option="-g" />
				</Compiler>
				<Linker>
					<Add option="-pg" />
					<Add library="bin/Debug/libmKOST.so" />
				</Linker>
			</Target>
			<Target title="GNUPlot">
				<Option output="bin/Debug/kost_gnuplot" prefix_auto="1" extension_auto="1" />
				<Option type="1" />
				<Option compiler="gcc" />
				<Compiler>
					<Add option="-pg" />
					<Add option="-g" />
				</Compiler>
				<Linker>
					<Add option="-pg" />
					<Add library="bin/Debug/libmKOST.so" />
				</Linker>
			</Target>
			<Target title="Quick test">
				<Option output="bin/Debug/quick_test" prefix_auto="1" extension_auto="1" />
				<Option type="1" />
				<Option compiler="gcc" />
				<Compiler>
					<Add option="-pg" />
					<Add option="-g" />
				</Compiler>
				<Linker>
					<Add option="-pg" />
					<Add library="bin/Debug/libmKOST.so" />
				</Linker>
			</Target>
		</Build>
		<VirtualTargets>
			<Add alias="Test" targets="Debug;Accuracy;GNUPlot;Quick test;" />
		</VirtualTargets>
		<Compiler>
			<Add option="-std=c++14" />
			<Add option="-Wextra" />
			<Add option="-Wall" />
			<Add option="-Wno-unused" />
		</Compiler>
		<Unit filename="examples/accuracy/test.cpp">
			<Option target="Accuracy" />
		</Unit>
		<Unit filename="examples/gnuplot/test.cpp">
			<Option target="GNUPlot" />
		</Unit>
		<Unit filename="examples/gnuplot/test.plot">
			<Option target="&lt;{~None~}&gt;" />
		</Unit>
		<Unit filename="examples/quick/test.cpp">
			<Option target="Quick test" />
		</Unit>
		<Unit filename="src/Elements.cpp">
			<Option target="Debug" />
			<Option target="Release" />
		</Unit>
		<Unit filename="src/Elements.h">
			<Option target="Debug" />
			<Option target="Release" />
		</Unit>
		<Unit filename="src/Orbit.cpp">
			<Option target="Debug" />
			<Option target="Release" />
		</Unit>
		<Unit filename="src/Orbit.h">
			<Option target="Debug" />
			<Option target="Release" />
		</Unit>
		<Unit filename="src/Params.cpp">
			<Option target="Debug" />
			<Option target="Release" />
		</Unit>
		<Unit filename="src/Params.h">
			<Option target="Debug" />
			<Option target="Release" />
		</Unit>
		<Unit filename="src/mKOST.h">
			<Option target="Debug" />
			<Option target="Release" />
		</Unit>
		<Unit filename="src/types.h">
			<Option target="Debug" />
			<Option target="Release" />
		</Unit>
		<Extensions>
			<code_completion />
			<envvars />
			<lib_finder disable_auto="0">
				<lib name="bullet" />
			</lib_finder>
			<debugger />
			<DoxyBlocks>
				<comment_style block="0" line="0" />
				<doxyfile_project output_directory="doc" />
				<doxyfile_build extract_all="1" extract_private="1" extract_static="1" />
				<doxyfile_warnings />
				<doxyfile_output />
				<doxyfile_dot class_diagrams="1" have_dot="1" />
				<general />
			</DoxyBlocks>
		</Extensions>
	</Project>
</CodeBlocks_project_file>
