<?xml version="1.0" encoding="UTF-8" standalone="yes" ?>
<CodeBlocks_project_file>
	<FileVersion major="1" minor="6" />
	<Project>
		<Option title="mKOST" />
		<Option pch_mode="2" />
		<Option compiler="gcc" />
		<Build>
			<Target title="Debug">
				<Option output="bin/Debug/mKOST" prefix_auto="1" extension_auto="1" />
				<Option object_output="obj/Debug/" />
				<Option type="1" />
				<Option compiler="gcc" />
				<Compiler>
					<Add option="-g" />
				</Compiler>
			</Target>
			<Target title="Release">
				<Option output="bin/Release/mKOST" prefix_auto="1" extension_auto="1" />
				<Option object_output="obj/Release/" />
				<Option type="1" />
				<Option compiler="gcc" />
				<Compiler>
					<Add option="-O2" />
				</Compiler>
				<Linker>
					<Add option="-s" />
				</Linker>
			</Target>
		</Build>
		<Compiler>
			<Add option="-Wall" />
		</Compiler>
		<Unit filename="examples/accuracy/test.c">
			<Option compilerVar="CC" />
		</Unit>
		<Unit filename="examples/gnuplot/test.c">
			<Option compilerVar="CC" />
		</Unit>
		<Unit filename="examples/gnuplot/test.plot" />
		<Unit filename="src/kost.h" />
		<Unit filename="src/kost_constants.h" />
		<Unit filename="src/kost_elements.cpp" />
		<Unit filename="src/kost_elements.h" />
		<Unit filename="src/kost_linalg.c">
			<Option compilerVar="CC" />
		</Unit>
		<Unit filename="src/kost_linalg.h" />
		<Unit filename="src/kost_math.c">
			<Option compilerVar="CC" />
		</Unit>
		<Unit filename="src/kost_math.h" />
		<Unit filename="src/kost_propagate.c">
			<Option compilerVar="CC" />
		</Unit>
		<Unit filename="src/kost_propagate.h" />
		<Unit filename="src/kost_settings.h" />
		<Unit filename="src/kost_shape.c">
			<Option compilerVar="CC" />
		</Unit>
		<Unit filename="src/kost_shape.h" />
		<Unit filename="src/kost_types.h" />
		<Unit filename="src/kostmm.h" />
		<Extensions>
			<code_completion />
			<envvars />
			<lib_finder disable_auto="0">
				<lib name="bullet" />
			</lib_finder>
			<debugger />
		</Extensions>
	</Project>
</CodeBlocks_project_file>
